github.com/apparentlymart/go-cidr v1.1.0 h1:2mAhrMoF+nhXqxTzSZMUzDHkLjmIHC+Zzn4tdgBZjnU=
github.com/apparentlymart/go-cidr v1.1.0/go.mod h1:EBcsNrHc3zQeuaeCeCtQruQm+n9/YjEn/vI25Lg7Gwc=
github.com/openshift/installer v1.4.17 h1:63iijBBgYqQX/p2+Q74gPqnfBN5VNSWX5LxQKuLlj6g=
github.com/openshift/installer v1.4.17/go.mod h1:CtlMEGKJDVMZl4qVBC/xMUXM24YnleT6bakI+KXFAhk=
github.com/pkg/errors v0.9.1 h1:FEBLx1zS214owpjy7qsBeixbURkuhQAwrK5UwLGTwt4=
github.com/pkg/errors v0.9.1/go.mod h1:bwawxfHBFNV+L2hUp1rHADufV3IMtnDRdf1r5NINEl0=
